
Microsoft Visual Studio Solution File, Format Version 12.00
# Visual Studio Version 17
VisualStudioVersion = 17.9.34728.123
MinimumVisualStudioVersion = 10.0.40219.1
Project("{FAE04EC0-301F-11D3-BF4B-00C04F79EFBC}") = "PublicAPI", "PublicAPI.csproj", "{B1EEC423-327F-4F79-A6DA-FADBB159126E}"
EndProject
Global
	GlobalSection(SolutionConfigurationPlatforms) = preSolution
		Debug|Any CPU = Debug|Any CPU
		Release|Any CPU = Release|Any CPU
	EndGlobalSection
	GlobalSection(ProjectConfigurationPlatforms) = postSolution
		{B1EEC423-327F-4F79-A6DA-FADBB159126E}.Debug|Any CPU.ActiveCfg = Debug|Any CPU
		{B1EEC423-327F-4F79-A6DA-FADBB159126E}.Debug|Any CPU.Build.0 = Debug|Any CPU
		{B1EEC423-327F-4F79-A6DA-FADBB159126E}.Release|Any CPU.ActiveCfg = Release|Any CPU
		{B1EEC423-327F-4F79-A6DA-FADBB159126E}.Release|Any CPU.Build.0 = Release|Any CPU
	EndGlobalSection
	GlobalSection(SolutionProperties) = preSolution
		HideSolutionNode = FALSE
	EndGlobalSection
	GlobalSection(ExtensibilityGlobals) = postSolution
		SolutionGuid = {C0FA14B8-428A-49DE-A1C6-9ED70A260BE9}
	EndGlobalSection
EndGlobal
